
Microsoft Visual Studio Solution File, Format Version 12.00
# Visual Studio Version 16
VisualStudioVersion = 16.0.30503.244
MinimumVisualStudioVersion = 10.0.40219.1
Project("{8BC9CEB8-8B4A-11D0-8D11-00A0C91BC942}") = "itch-core", "itch-core\itch-core.vcxproj", "{CEA84ABC-20C6-411B-A33F-C9743D65F56B}"
EndProject
Project("{8BC9CEB8-8B4A-11D0-8D11-00A0C91BC942}") = "itch-monitor", "itch-monitor\itch-monitor.vcxproj", "{28DBA37D-78C5-496F-83E2-586B75A3EC8A}"
	ProjectSection(ProjectDependencies) = postProject
		{8769E123-F374-4F45-A718-C151B4F73B99} = {8769E123-F374-4F45-A718-C151B4F73B99}
		{CEA84ABC-20C6-411B-A33F-C9743D65F56B} = {CEA84ABC-20C6-411B-A33F-C9743D65F56B}
	EndProjectSection
EndProject
Project("{8BC9CEB8-8B4A-11D0-8D11-00A0C91BC942}") = "orderbook-perf-test", "orderbook-perf-test\orderbook-perf-test.vcxproj", "{FE24D9AD-C405-4D62-AB41-D3D13005FDB4}"
	ProjectSection(ProjectDependencies) = postProject
		{CEA84ABC-20C6-411B-A33F-C9743D65F56B} = {CEA84ABC-20C6-411B-A33F-C9743D65F56B}
	EndProjectSection
EndProject
Project("{8BC9CEB8-8B4A-11D0-8D11-00A0C91BC942}") = "bist-algo", "bist-algo\bist-algo.vcxproj", "{8769E123-F374-4F45-A718-C151B4F73B99}"
	ProjectSection(ProjectDependencies) = postProject
		{CEA84ABC-20C6-411B-A33F-C9743D65F56B} = {CEA84ABC-20C6-411B-A33F-C9743D65F56B}
	EndProjectSection
EndProject
Project("{8BC9CEB8-8B4A-11D0-8D11-00A0C91BC942}") = "bist-algo-demo", "bist-algo-demo\bist-algo-demo.vcxproj", "{16127AE1-7502-420A-9530-CCCF68906419}"
	ProjectSection(ProjectDependencies) = postProject
		{8769E123-F374-4F45-A718-C151B4F73B99} = {8769E123-F374-4F45-A718-C151B4F73B99}
		{CEA84ABC-20C6-411B-A33F-C9743D65F56B} = {CEA84ABC-20C6-411B-A33F-C9743D65F56B}
	EndProjectSection
EndProject
Global
	GlobalSection(SolutionConfigurationPlatforms) = preSolution
		Debug|x64 = Debug|x64
		Debug|x86 = Debug|x86
		Release|x64 = Release|x64
		Release|x86 = Release|x86
	EndGlobalSection
	GlobalSection(ProjectConfigurationPlatforms) = postSolution
		{CEA84ABC-20C6-411B-A33F-C9743D65F56B}.Debug|x64.ActiveCfg = Debug|x64
		{CEA84ABC-20C6-411B-A33F-C9743D65F56B}.Debug|x64.Build.0 = Debug|x64
		{CEA84ABC-20C6-411B-A33F-C9743D65F56B}.Debug|x86.ActiveCfg = Debug|Win32
		{CEA84ABC-20C6-411B-A33F-C9743D65F56B}.Debug|x86.Build.0 = Debug|Win32
		{CEA84ABC-20C6-411B-A33F-C9743D65F56B}.Release|x64.ActiveCfg = Release|x64
		{CEA84ABC-20C6-411B-A33F-C9743D65F56B}.Release|x64.Build.0 = Release|x64
		{CEA84ABC-20C6-411B-A33F-C9743D65F56B}.Release|x86.ActiveCfg = Release|Win32
		{CEA84ABC-20C6-411B-A33F-C9743D65F56B}.Release|x86.Build.0 = Release|Win32
		{28DBA37D-78C5-496F-83E2-586B75A3EC8A}.Debug|x64.ActiveCfg = Debug|x64
		{28DBA37D-78C5-496F-83E2-586B75A3EC8A}.Debug|x64.Build.0 = Debug|x64
		{28DBA37D-78C5-496F-83E2-586B75A3EC8A}.Debug|x86.ActiveCfg = Debug|Win32
		{28DBA37D-78C5-496F-83E2-586B75A3EC8A}.Debug|x86.Build.0 = Debug|Win32
		{28DBA37D-78C5-496F-83E2-586B75A3EC8A}.Release|x64.ActiveCfg = Release|x64
		{28DBA37D-78C5-496F-83E2-586B75A3EC8A}.Release|x64.Build.0 = Release|x64
		{28DBA37D-78C5-496F-83E2-586B75A3EC8A}.Release|x86.ActiveCfg = Release|Win32
		{28DBA37D-78C5-496F-83E2-586B75A3EC8A}.Release|x86.Build.0 = Release|Win32
		{FE24D9AD-C405-4D62-AB41-D3D13005FDB4}.Debug|x64.ActiveCfg = Debug|x64
		{FE24D9AD-C405-4D62-AB41-D3D13005FDB4}.Debug|x64.Build.0 = Debug|x64
		{FE24D9AD-C405-4D62-AB41-D3D13005FDB4}.Debug|x86.ActiveCfg = Debug|Win32
		{FE24D9AD-C405-4D62-AB41-D3D13005FDB4}.Debug|x86.Build.0 = Debug|Win32
		{FE24D9AD-C405-4D62-AB41-D3D13005FDB4}.Release|x64.ActiveCfg = Release|x64
		{FE24D9AD-C405-4D62-AB41-D3D13005FDB4}.Release|x64.Build.0 = Release|x64
		{FE24D9AD-C405-4D62-AB41-D3D13005FDB4}.Release|x86.ActiveCfg = Release|Win32
		{FE24D9AD-C405-4D62-AB41-D3D13005FDB4}.Release|x86.Build.0 = Release|Win32
		{8769E123-F374-4F45-A718-C151B4F73B99}.Debug|x64.ActiveCfg = Debug|x64
		{8769E123-F374-4F45-A718-C151B4F73B99}.Debug|x64.Build.0 = Debug|x64
		{8769E123-F374-4F45-A718-C151B4F73B99}.Debug|x86.ActiveCfg = Debug|Win32
		{8769E123-F374-4F45-A718-C151B4F73B99}.Debug|x86.Build.0 = Debug|Win32
		{8769E123-F374-4F45-A718-C151B4F73B99}.Release|x64.ActiveCfg = Release|x64
		{8769E123-F374-4F45-A718-C151B4F73B99}.Release|x64.Build.0 = Release|x64
		{8769E123-F374-4F45-A718-C151B4F73B99}.Release|x86.ActiveCfg = Release|Win32
		{8769E123-F374-4F45-A718-C151B4F73B99}.Release|x86.Build.0 = Release|Win32
		{16127AE1-7502-420A-9530-CCCF68906419}.Debug|x64.ActiveCfg = Debug|x64
		{16127AE1-7502-420A-9530-CCCF68906419}.Debug|x64.Build.0 = Debug|x64
		{16127AE1-7502-420A-9530-CCCF68906419}.Debug|x86.ActiveCfg = Debug|Win32
		{16127AE1-7502-420A-9530-CCCF68906419}.Debug|x86.Build.0 = Debug|Win32
		{16127AE1-7502-420A-9530-CCCF68906419}.Release|x64.ActiveCfg = Release|x64
		{16127AE1-7502-420A-9530-CCCF68906419}.Release|x64.Build.0 = Release|x64
		{16127AE1-7502-420A-9530-CCCF68906419}.Release|x86.ActiveCfg = Release|Win32
		{16127AE1-7502-420A-9530-CCCF68906419}.Release|x86.Build.0 = Release|Win32
	EndGlobalSection
	GlobalSection(SolutionProperties) = preSolution
		HideSolutionNode = FALSE
	EndGlobalSection
	GlobalSection(ExtensibilityGlobals) = postSolution
		SolutionGuid = {A54E1AAD-7159-48FF-AE09-FE6F10C071AC}
	EndGlobalSection
EndGlobal
